// !$*UTF8*$!
{
	archiveVersion = 1;
	classes = {
	};
	objectVersion = 63;
	objects = {

/* Begin PBXBuildFile section */
		56A8C0C52C19BDED0032E1B5 /* AppDelegate.swift in Sources */ = {isa = PBXBuildFile; fileRef = 56A8C0C42C19BDED0032E1B5 /* AppDelegate.swift */; };
		56A8C0C72C19BDED0032E1B5 /* SequenceDocument.swift in Sources */ = {isa = PBXBuildFile; fileRef = 56A8C0C62C19BDED0032E1B5 /* SequenceDocument.swift */; };
		56A8C0CA2C19BDED0032E1B5 /* Base in Resources */ = {isa = PBXBuildFile; fileRef = 56A8C0C92C19BDED0032E1B5 /* Base */; };
		56A8C0CC2C19BDEE0032E1B5 /* Assets.xcassets in Resources */ = {isa = PBXBuildFile; fileRef = 56A8C0CB2C19BDEE0032E1B5 /* Assets.xcassets */; };
		56A8C0CF2C19BDEE0032E1B5 /* Base in Resources */ = {isa = PBXBuildFile; fileRef = 56A8C0CE2C19BDEE0032E1B5 /* Base */; };
		56A8C0D92C19C2E30032E1B5 /* QuartzCore.framework in Frameworks */ = {isa = PBXBuildFile; fileRef = 56A8C0D82C19C2E30032E1B5 /* QuartzCore.framework */; };
		56A8C0DB2C19C2EB0032E1B5 /* AVFoundation.framework in Frameworks */ = {isa = PBXBuildFile; fileRef = 56A8C0DA2C19C2EB0032E1B5 /* AVFoundation.framework */; };
		56A8C0DD2C19C2F20032E1B5 /* UniformTypeIdentifiers.framework in Frameworks */ = {isa = PBXBuildFile; fileRef = 56A8C0DC2C19C2F20032E1B5 /* UniformTypeIdentifiers.framework */; };
		56A8C0DF2C19C3020032E1B5 /* AppKit.framework in Frameworks */ = {isa = PBXBuildFile; fileRef = 56A8C0DE2C19C3020032E1B5 /* AppKit.framework */; };
		56A8C0E12C19C5110032E1B5 /* Globals.swift in Sources */ = {isa = PBXBuildFile; fileRef = 56A8C0E02C19C5110032E1B5 /* Globals.swift */; };
		56A8C0E52C19CA750032E1B5 /* URL+extensions.swift in Sources */ = {isa = PBXBuildFile; fileRef = 56A8C0E42C19CA750032E1B5 /* URL+extensions.swift */; };
		56A8C0E72C19CAAE0032E1B5 /* Data+extensions.swift in Sources */ = {isa = PBXBuildFile; fileRef = 56A8C0E62C19CAAE0032E1B5 /* Data+extensions.swift */; };
		56A8C0E92C19CAE90032E1B5 /* NSColor+extensions.swift in Sources */ = {isa = PBXBuildFile; fileRef = 56A8C0E82C19CAE90032E1B5 /* NSColor+extensions.swift */; };
		56A8C0EB2C19CB250032E1B5 /* CGColor+extensions.swift in Sources */ = {isa = PBXBuildFile; fileRef = 56A8C0EA2C19CB250032E1B5 /* CGColor+extensions.swift */; };
		56A8C0ED2C19CB4C0032E1B5 /* CGPoint+extensions.swift in Sources */ = {isa = PBXBuildFile; fileRef = 56A8C0EC2C19CB4C0032E1B5 /* CGPoint+extensions.swift */; };
		56A8C0EF2C19CBB00032E1B5 /* CGSize+extensions.swift in Sources */ = {isa = PBXBuildFile; fileRef = 56A8C0EE2C19CBB00032E1B5 /* CGSize+extensions.swift */; };
		56A8C0F12C19CBDB0032E1B5 /* ContiguousBytes+extensions.swift in Sources */ = {isa = PBXBuildFile; fileRef = 56A8C0F02C19CBDB0032E1B5 /* ContiguousBytes+extensions.swift */; };
		56A8C0F32C19CBEA0032E1B5 /* Number+extensions.swift in Sources */ = {isa = PBXBuildFile; fileRef = 56A8C0F22C19CBEA0032E1B5 /* Number+extensions.swift */; };
		56A8C0F52C19CCB00032E1B5 /* FloatDoubleInt+extensions.swift in Sources */ = {isa = PBXBuildFile; fileRef = 56A8C0F42C19CCB00032E1B5 /* FloatDoubleInt+extensions.swift */; };
		56A8C0F92C19D4160032E1B5 /* SettingsData.swift in Sources */ = {isa = PBXBuildFile; fileRef = 56A8C0F82C19D4160032E1B5 /* SettingsData.swift */; };
		56A8C0FB2C19D9E50032E1B5 /* GeneralError.swift in Sources */ = {isa = PBXBuildFile; fileRef = 56A8C0FA2C19D9E50032E1B5 /* GeneralError.swift */; };
		56A8C0FE2C19EDC60032E1B5 /* SettingsDialog.swift in Sources */ = {isa = PBXBuildFile; fileRef = 56A8C0FD2C19EDC60032E1B5 /* SettingsDialog.swift */; };
		56A8C1002C19F0F20032E1B5 /* SettingsDialog.xib in Resources */ = {isa = PBXBuildFile; fileRef = 56A8C0FF2C19F0F20032E1B5 /* SettingsDialog.xib */; };
		56A8C1022C1A0B4E0032E1B5 /* SequenceController.swift in Sources */ = {isa = PBXBuildFile; fileRef = 56A8C1012C1A0B4E0032E1B5 /* SequenceController.swift */; };
		56A8C1062C1A0CF70032E1B5 /* MusicPlayer.swift in Sources */ = {isa = PBXBuildFile; fileRef = 56A8C1042C1A0CF70032E1B5 /* MusicPlayer.swift */; };
		56A8C1072C1A0CF70032E1B5 /* LightFile.swift in Sources */ = {isa = PBXBuildFile; fileRef = 56A8C1052C1A0CF70032E1B5 /* LightFile.swift */; };
		56A8C1092C1A0D230032E1B5 /* Utilities.swift in Sources */ = {isa = PBXBuildFile; fileRef = 56A8C1082C1A0D230032E1B5 /* Utilities.swift */; };
		56A8C10B2C1A0D2D0032E1B5 /* SynchronizedScollView.swift in Sources */ = {isa = PBXBuildFile; fileRef = 56A8C10A2C1A0D2D0032E1B5 /* SynchronizedScollView.swift */; };
		56A8C10F2C1A0D7D0032E1B5 /* ItemEffect.swift in Sources */ = {isa = PBXBuildFile; fileRef = 56A8C10E2C1A0D7D0032E1B5 /* ItemEffect.swift */; };
		56A8C1112C1A15710032E1B5 /* SeqItem.swift in Sources */ = {isa = PBXBuildFile; fileRef = 56A8C1102C1A15710032E1B5 /* SeqItem.swift */; };
		56A8C1142C1A1D930032E1B5 /* TimeGrid.swift in Sources */ = {isa = PBXBuildFile; fileRef = 56A8C1132C1A1D930032E1B5 /* TimeGrid.swift */; };
		56A8C1162C1A61E30032E1B5 /* ScrollView+extensions.swift in Sources */ = {isa = PBXBuildFile; fileRef = 56A8C1152C1A61E30032E1B5 /* ScrollView+extensions.swift */; };
		56A8C1192C1B35480032E1B5 /* BackgroundView.swift in Sources */ = {isa = PBXBuildFile; fileRef = 56A8C1182C1B35480032E1B5 /* BackgroundView.swift */; };
		56A8C11B2C1B37880032E1B5 /* BorderedView.swift in Sources */ = {isa = PBXBuildFile; fileRef = 56A8C11A2C1B37880032E1B5 /* BorderedView.swift */; };
		56A8C1212C1C59B10032E1B5 /* ModifyVisualNameDialog.swift in Sources */ = {isa = PBXBuildFile; fileRef = 56A8C1202C1C59B10032E1B5 /* ModifyVisualNameDialog.swift */; };
		56A8C1232C1C5ADD0032E1B5 /* ModifyVisualNameDialog.xib in Resources */ = {isa = PBXBuildFile; fileRef = 56A8C1222C1C5ADD0032E1B5 /* ModifyVisualNameDialog.xib */; };
		56A8C1312C1C65B20032E1B5 /* GridContainer.swift in Sources */ = {isa = PBXBuildFile; fileRef = 56A8C1302C1C65B20032E1B5 /* GridContainer.swift */; };
		56A8C1332C1C65DC0032E1B5 /* GridContainer.xib in Resources */ = {isa = PBXBuildFile; fileRef = 56A8C1322C1C65DC0032E1B5 /* GridContainer.xib */; };
		56A8C1352C1C661E0032E1B5 /* TimeNowController.swift in Sources */ = {isa = PBXBuildFile; fileRef = 56A8C1342C1C661E0032E1B5 /* TimeNowController.swift */; };
		56A8C1372C1C66670032E1B5 /* TimeNowView.swift in Sources */ = {isa = PBXBuildFile; fileRef = 56A8C1362C1C66670032E1B5 /* TimeNowView.swift */; };
		56A8C1392C1C67D70032E1B5 /* TimeNowController.xib in Resources */ = {isa = PBXBuildFile; fileRef = 56A8C1382C1C67D70032E1B5 /* TimeNowController.xib */; };
		56A8C13B2C1C6BCC0032E1B5 /* ItemController.swift in Sources */ = {isa = PBXBuildFile; fileRef = 56A8C13A2C1C6BCC0032E1B5 /* ItemController.swift */; };
		56A8C13F2C1C6C720032E1B5 /* EffectController.swift in Sources */ = {isa = PBXBuildFile; fileRef = 56A8C13E2C1C6C720032E1B5 /* EffectController.swift */; };
		56A8C1412C1C6CB80032E1B5 /* EffectController.xib in Resources */ = {isa = PBXBuildFile; fileRef = 56A8C1402C1C6CB80032E1B5 /* EffectController.xib */; };
		56A8C1432C1C6CE50032E1B5 /* EffectView.swift in Sources */ = {isa = PBXBuildFile; fileRef = 56A8C1422C1C6CE50032E1B5 /* EffectView.swift */; };
		56A8C1452C1C77C30032E1B5 /* ItemInfoController.swift in Sources */ = {isa = PBXBuildFile; fileRef = 56A8C1442C1C77C30032E1B5 /* ItemInfoController.swift */; };
		56A8C1472C1C783B0032E1B5 /* ItemInfoController.xib in Resources */ = {isa = PBXBuildFile; fileRef = 56A8C1462C1C783B0032E1B5 /* ItemInfoController.xib */; };
		56A8C1492C1C8D1F0032E1B5 /* ItemManager.swift in Sources */ = {isa = PBXBuildFile; fileRef = 56A8C1482C1C8D1F0032E1B5 /* ItemManager.swift */; };
		56A8C14B2C1C9BB20032E1B5 /* ItemController.xib in Resources */ = {isa = PBXBuildFile; fileRef = 56A8C14A2C1C9BB20032E1B5 /* ItemController.xib */; };
		56A8C14F2C1CDACF0032E1B5 /* CreateEffectDialog.swift in Sources */ = {isa = PBXBuildFile; fileRef = 56A8C14E2C1CDACF0032E1B5 /* CreateEffectDialog.swift */; };
		56A8C1512C1CDAFE0032E1B5 /* CreateEffectDialog.xib in Resources */ = {isa = PBXBuildFile; fileRef = 56A8C1502C1CDAFE0032E1B5 /* CreateEffectDialog.xib */; };
		56A8C1582C1CE6410032E1B5 /* Light.swift in Sources */ = {isa = PBXBuildFile; fileRef = 56A8C1522C1CE6410032E1B5 /* Light.swift */; };
		56A8C1592C1CE6410032E1B5 /* Visual.swift in Sources */ = {isa = PBXBuildFile; fileRef = 56A8C1532C1CE6410032E1B5 /* Visual.swift */; };
		56A8C15A2C1CE6410032E1B5 /* VisualItem.swift in Sources */ = {isa = PBXBuildFile; fileRef = 56A8C1542C1CE6410032E1B5 /* VisualItem.swift */; };
		56A8C15B2C1CE6410032E1B5 /* Visualization.swift in Sources */ = {isa = PBXBuildFile; fileRef = 56A8C1552C1CE6410032E1B5 /* Visualization.swift */; };
		56A8C15C2C1CE6410032E1B5 /* XMLProtocol.swift in Sources */ = {isa = PBXBuildFile; fileRef = 56A8C1562C1CE6410032E1B5 /* XMLProtocol.swift */; };
		56A8C15E2C1DCD660032E1B5 /* DetailHolderView.swift in Sources */ = {isa = PBXBuildFile; fileRef = 56A8C15D2C1DCD660032E1B5 /* DetailHolderView.swift */; };
		56A8C1602C1DEFAD0032E1B5 /* TimeGridController.swift in Sources */ = {isa = PBXBuildFile; fileRef = 56A8C15F2C1DEFAD0032E1B5 /* TimeGridController.swift */; };
		56A8C1622C1DF0010032E1B5 /* TimeGridController.xib in Resources */ = {isa = PBXBuildFile; fileRef = 56A8C1612C1DF0010032E1B5 /* TimeGridController.xib */; };
		56A8C1642C1DF03C0032E1B5 /* TimeGridView.swift in Sources */ = {isa = PBXBuildFile; fileRef = 56A8C1632C1DF03C0032E1B5 /* TimeGridView.swift */; };
		56A8C16A2C1F1CB40032E1B5 /* CreateTimeGridDialog.swift in Sources */ = {isa = PBXBuildFile; fileRef = 56A8C1692C1F1CB40032E1B5 /* CreateTimeGridDialog.swift */; };
		56A8C16C2C1F1D130032E1B5 /* CreateTimeGridDialog.xib in Resources */ = {isa = PBXBuildFile; fileRef = 56A8C16B2C1F1D130032E1B5 /* CreateTimeGridDialog.xib */; };
		56A8C16E2C1F1E980032E1B5 /* ReferenceGridController.swift in Sources */ = {isa = PBXBuildFile; fileRef = 56A8C16D2C1F1E980032E1B5 /* ReferenceGridController.swift */; };
		56A8C1702C1F21750032E1B5 /* ReferenceGridController.xib in Resources */ = {isa = PBXBuildFile; fileRef = 56A8C16F2C1F21750032E1B5 /* ReferenceGridController.xib */; };
		56A8C1732C1F57C40032E1B5 /* DeleteTimeGridDialog.swift in Sources */ = {isa = PBXBuildFile; fileRef = 56A8C1722C1F57C40032E1B5 /* DeleteTimeGridDialog.swift */; };
		56A8C1752C1F57F70032E1B5 /* DeleteTimeGridDialog.xib in Resources */ = {isa = PBXBuildFile; fileRef = 56A8C1742C1F57F70032E1B5 /* DeleteTimeGridDialog.xib */; };
		56A8C1772C1F59FA0032E1B5 /* ModifyTimingGridDialog.swift in Sources */ = {isa = PBXBuildFile; fileRef = 56A8C1762C1F59FA0032E1B5 /* ModifyTimingGridDialog.swift */; };
		56A8C1792C1F5A230032E1B5 /* ModifyTimingGridDialog.xib in Resources */ = {isa = PBXBuildFile; fileRef = 56A8C1782C1F5A230032E1B5 /* ModifyTimingGridDialog.xib */; };
		56A8C17D2C20612E0032E1B5 /* DetailItemView.swift in Sources */ = {isa = PBXBuildFile; fileRef = 56A8C17C2C20612E0032E1B5 /* DetailItemView.swift */; };
		56A8C17F2C2092C90032E1B5 /* NewSequenceDialog.swift in Sources */ = {isa = PBXBuildFile; fileRef = 56A8C17E2C2092C90032E1B5 /* NewSequenceDialog.swift */; };
		56A8C1812C2092F70032E1B5 /* NewSequenceDialog.xib in Resources */ = {isa = PBXBuildFile; fileRef = 56A8C1802C2092F70032E1B5 /* NewSequenceDialog.xib */; };
		56A8C1832C20D3140032E1B5 /* PatternType.swift in Sources */ = {isa = PBXBuildFile; fileRef = 56A8C1822C20D3140032E1B5 /* PatternType.swift */; };
		56A8C1852C20D4E40032E1B5 /* TransitionType.swift in Sources */ = {isa = PBXBuildFile; fileRef = 56A8C1842C20D4E40032E1B5 /* TransitionType.swift */; };
		56A8C1882C20FCF00032E1B5 /* PatternCache.swift in Sources */ = {isa = PBXBuildFile; fileRef = 56A8C1872C20FCF00032E1B5 /* PatternCache.swift */; };
		56A8C18A2C20FE5E0032E1B5 /* ImageCache.swift in Sources */ = {isa = PBXBuildFile; fileRef = 56A8C1892C20FE5E0032E1B5 /* ImageCache.swift */; };
		56A8C18D2C2100790032E1B5 /* PixelColor.swift in Sources */ = {isa = PBXBuildFile; fileRef = 56A8C18C2C2100790032E1B5 /* PixelColor.swift */; };
		56A8C18F2C21B3CA0032E1B5 /* Render.swift in Sources */ = {isa = PBXBuildFile; fileRef = 56A8C18E2C21B3CA0032E1B5 /* Render.swift */; };
		56A8C1912C23234B0032E1B5 /* ExportLightDialog.swift in Sources */ = {isa = PBXBuildFile; fileRef = 56A8C1902C23234B0032E1B5 /* ExportLightDialog.swift */; };
		56A8C1932C23237C0032E1B5 /* ExportLightDialog.xib in Resources */ = {isa = PBXBuildFile; fileRef = 56A8C1922C23237C0032E1B5 /* ExportLightDialog.xib */; };
		56A8C1952C235FE10032E1B5 /* SequenceVisualController.swift in Sources */ = {isa = PBXBuildFile; fileRef = 56A8C1942C235FE10032E1B5 /* SequenceVisualController.swift */; };
		56A8C1972C2360060032E1B5 /* SequenceVisualController.xib in Resources */ = {isa = PBXBuildFile; fileRef = 56A8C1962C2360060032E1B5 /* SequenceVisualController.xib */; };
		56A8C1992C2360AE0032E1B5 /* SequenceVisualizationView.swift in Sources */ = {isa = PBXBuildFile; fileRef = 56A8C1982C2360AE0032E1B5 /* SequenceVisualizationView.swift */; };
		56A8C19F2C258B010032E1B5 /* AccessoryVisualizerController.swift in Sources */ = {isa = PBXBuildFile; fileRef = 56A8C19E2C258B010032E1B5 /* AccessoryVisualizerController.swift */; };
		56A8C1A12C258B3A0032E1B5 /* AccessoryVisualizerController.xib in Resources */ = {isa = PBXBuildFile; fileRef = 56A8C1A02C258B3A0032E1B5 /* AccessoryVisualizerController.xib */; };
		56A8C1A32C258E240032E1B5 /* VisualizerController.swift in Sources */ = {isa = PBXBuildFile; fileRef = 56A8C1A22C258E240032E1B5 /* VisualizerController.swift */; };
		56A8C1A52C258E980032E1B5 /* VisualizerController.xib in Resources */ = {isa = PBXBuildFile; fileRef = 56A8C1A42C258E980032E1B5 /* VisualizerController.xib */; };
		56A8C1A72C258EC30032E1B5 /* VisualizationView.swift in Sources */ = {isa = PBXBuildFile; fileRef = 56A8C1A62C258EC30032E1B5 /* VisualizationView.swift */; };
/* End PBXBuildFile section */

/* Begin PBXFileReference section */
		56A8C0C12C19BDED0032E1B5 /* Sequencer.app */ = {isa = PBXFileReference; explicitFileType = wrapper.application; includeInIndex = 0; path = Sequencer.app; sourceTree = BUILT_PRODUCTS_DIR; };
		56A8C0C42C19BDED0032E1B5 /* AppDelegate.swift */ = {isa = PBXFileReference; lastKnownFileType = sourcecode.swift; path = AppDelegate.swift; sourceTree = "<group>"; };
		56A8C0C62C19BDED0032E1B5 /* SequenceDocument.swift */ = {isa = PBXFileReference; lastKnownFileType = sourcecode.swift; path = SequenceDocument.swift; sourceTree = "<group>"; };
		56A8C0C92C19BDED0032E1B5 /* Base */ = {isa = PBXFileReference; lastKnownFileType = file.xib; name = Base; path = Base.lproj/SequenceDocument.xib; sourceTree = "<group>"; };
		56A8C0CB2C19BDEE0032E1B5 /* Assets.xcassets */ = {isa = PBXFileReference; lastKnownFileType = folder.assetcatalog; path = Assets.xcassets; sourceTree = "<group>"; };
		56A8C0CE2C19BDEE0032E1B5 /* Base */ = {isa = PBXFileReference; lastKnownFileType = file.xib; name = Base; path = Base.lproj/MainMenu.xib; sourceTree = "<group>"; };
		56A8C0D02C19BDEE0032E1B5 /* Info.plist */ = {isa = PBXFileReference; lastKnownFileType = text.plist.xml; path = Info.plist; sourceTree = "<group>"; };
		56A8C0D12C19BDEE0032E1B5 /* Sequencer.entitlements */ = {isa = PBXFileReference; lastKnownFileType = text.plist.entitlements; path = Sequencer.entitlements; sourceTree = "<group>"; };
		56A8C0D82C19C2E30032E1B5 /* QuartzCore.framework */ = {isa = PBXFileReference; lastKnownFileType = wrapper.framework; name = QuartzCore.framework; path = System/Library/Frameworks/QuartzCore.framework; sourceTree = SDKROOT; };
		56A8C0DA2C19C2EB0032E1B5 /* AVFoundation.framework */ = {isa = PBXFileReference; lastKnownFileType = wrapper.framework; name = AVFoundation.framework; path = System/Library/Frameworks/AVFoundation.framework; sourceTree = SDKROOT; };
		56A8C0DC2C19C2F20032E1B5 /* UniformTypeIdentifiers.framework */ = {isa = PBXFileReference; lastKnownFileType = wrapper.framework; name = UniformTypeIdentifiers.framework; path = System/Library/Frameworks/UniformTypeIdentifiers.framework; sourceTree = SDKROOT; };
		56A8C0DE2C19C3020032E1B5 /* AppKit.framework */ = {isa = PBXFileReference; lastKnownFileType = wrapper.framework; name = AppKit.framework; path = System/Library/Frameworks/AppKit.framework; sourceTree = SDKROOT; };
		56A8C0E02C19C5110032E1B5 /* Globals.swift */ = {isa = PBXFileReference; lastKnownFileType = sourcecode.swift; path = Globals.swift; sourceTree = "<group>"; };
		56A8C0E42C19CA750032E1B5 /* URL+extensions.swift */ = {isa = PBXFileReference; fileEncoding = 4; lastKnownFileType = sourcecode.swift; path = "URL+extensions.swift"; sourceTree = "<group>"; };
		56A8C0E62C19CAAE0032E1B5 /* Data+extensions.swift */ = {isa = PBXFileReference; fileEncoding = 4; lastKnownFileType = sourcecode.swift; path = "Data+extensions.swift"; sourceTree = "<group>"; };
		56A8C0E82C19CAE90032E1B5 /* NSColor+extensions.swift */ = {isa = PBXFileReference; fileEncoding = 4; lastKnownFileType = sourcecode.swift; path = "NSColor+extensions.swift"; sourceTree = "<group>"; };
		56A8C0EA2C19CB250032E1B5 /* CGColor+extensions.swift */ = {isa = PBXFileReference; fileEncoding = 4; lastKnownFileType = sourcecode.swift; path = "CGColor+extensions.swift"; sourceTree = "<group>"; };
		56A8C0EC2C19CB4C0032E1B5 /* CGPoint+extensions.swift */ = {isa = PBXFileReference; fileEncoding = 4; lastKnownFileType = sourcecode.swift; path = "CGPoint+extensions.swift"; sourceTree = "<group>"; };
		56A8C0EE2C19CBB00032E1B5 /* CGSize+extensions.swift */ = {isa = PBXFileReference; fileEncoding = 4; lastKnownFileType = sourcecode.swift; path = "CGSize+extensions.swift"; sourceTree = "<group>"; };
		56A8C0F02C19CBDB0032E1B5 /* ContiguousBytes+extensions.swift */ = {isa = PBXFileReference; fileEncoding = 4; lastKnownFileType = sourcecode.swift; path = "ContiguousBytes+extensions.swift"; sourceTree = "<group>"; };
		56A8C0F22C19CBEA0032E1B5 /* Number+extensions.swift */ = {isa = PBXFileReference; fileEncoding = 4; lastKnownFileType = sourcecode.swift; path = "Number+extensions.swift"; sourceTree = "<group>"; };
		56A8C0F42C19CCB00032E1B5 /* FloatDoubleInt+extensions.swift */ = {isa = PBXFileReference; lastKnownFileType = sourcecode.swift; path = "FloatDoubleInt+extensions.swift"; sourceTree = "<group>"; };
		56A8C0F82C19D4160032E1B5 /* SettingsData.swift */ = {isa = PBXFileReference; lastKnownFileType = sourcecode.swift; path = SettingsData.swift; sourceTree = "<group>"; };
		56A8C0FA2C19D9E50032E1B5 /* GeneralError.swift */ = {isa = PBXFileReference; fileEncoding = 4; lastKnownFileType = sourcecode.swift; path = GeneralError.swift; sourceTree = "<group>"; };
		56A8C0FD2C19EDC60032E1B5 /* SettingsDialog.swift */ = {isa = PBXFileReference; lastKnownFileType = sourcecode.swift; path = SettingsDialog.swift; sourceTree = "<group>"; };
		56A8C0FF2C19F0F20032E1B5 /* SettingsDialog.xib */ = {isa = PBXFileReference; lastKnownFileType = file.xib; path = SettingsDialog.xib; sourceTree = "<group>"; };
		56A8C1012C1A0B4E0032E1B5 /* SequenceController.swift */ = {isa = PBXFileReference; lastKnownFileType = sourcecode.swift; path = SequenceController.swift; sourceTree = "<group>"; };
		56A8C1042C1A0CF70032E1B5 /* MusicPlayer.swift */ = {isa = PBXFileReference; fileEncoding = 4; lastKnownFileType = sourcecode.swift; path = MusicPlayer.swift; sourceTree = "<group>"; };
		56A8C1052C1A0CF70032E1B5 /* LightFile.swift */ = {isa = PBXFileReference; fileEncoding = 4; lastKnownFileType = sourcecode.swift; path = LightFile.swift; sourceTree = "<group>"; };
		56A8C1082C1A0D230032E1B5 /* Utilities.swift */ = {isa = PBXFileReference; fileEncoding = 4; lastKnownFileType = sourcecode.swift; path = Utilities.swift; sourceTree = "<group>"; };
		56A8C10A2C1A0D2D0032E1B5 /* SynchronizedScollView.swift */ = {isa = PBXFileReference; fileEncoding = 4; lastKnownFileType = sourcecode.swift; path = SynchronizedScollView.swift; sourceTree = "<group>"; };
		56A8C10E2C1A0D7D0032E1B5 /* ItemEffect.swift */ = {isa = PBXFileReference; lastKnownFileType = sourcecode.swift; path = ItemEffect.swift; sourceTree = "<group>"; };
		56A8C1102C1A15710032E1B5 /* SeqItem.swift */ = {isa = PBXFileReference; lastKnownFileType = sourcecode.swift; path = SeqItem.swift; sourceTree = "<group>"; };
		56A8C1132C1A1D930032E1B5 /* TimeGrid.swift */ = {isa = PBXFileReference; lastKnownFileType = sourcecode.swift; path = TimeGrid.swift; sourceTree = "<group>"; };
		56A8C1152C1A61E30032E1B5 /* ScrollView+extensions.swift */ = {isa = PBXFileReference; fileEncoding = 4; lastKnownFileType = sourcecode.swift; path = "ScrollView+extensions.swift"; sourceTree = "<group>"; };
		56A8C1182C1B35480032E1B5 /* BackgroundView.swift */ = {isa = PBXFileReference; lastKnownFileType = sourcecode.swift; path = BackgroundView.swift; sourceTree = "<group>"; };
		56A8C11A2C1B37880032E1B5 /* BorderedView.swift */ = {isa = PBXFileReference; lastKnownFileType = sourcecode.swift; path = BorderedView.swift; sourceTree = "<group>"; };
		56A8C1202C1C59B10032E1B5 /* ModifyVisualNameDialog.swift */ = {isa = PBXFileReference; lastKnownFileType = sourcecode.swift; path = ModifyVisualNameDialog.swift; sourceTree = "<group>"; };
		56A8C1222C1C5ADD0032E1B5 /* ModifyVisualNameDialog.xib */ = {isa = PBXFileReference; lastKnownFileType = file.xib; path = ModifyVisualNameDialog.xib; sourceTree = "<group>"; };
		56A8C1302C1C65B20032E1B5 /* GridContainer.swift */ = {isa = PBXFileReference; lastKnownFileType = sourcecode.swift; path = GridContainer.swift; sourceTree = "<group>"; };
		56A8C1322C1C65DC0032E1B5 /* GridContainer.xib */ = {isa = PBXFileReference; lastKnownFileType = file.xib; path = GridContainer.xib; sourceTree = "<group>"; };
		56A8C1342C1C661E0032E1B5 /* TimeNowController.swift */ = {isa = PBXFileReference; lastKnownFileType = sourcecode.swift; path = TimeNowController.swift; sourceTree = "<group>"; };
		56A8C1362C1C66670032E1B5 /* TimeNowView.swift */ = {isa = PBXFileReference; lastKnownFileType = sourcecode.swift; path = TimeNowView.swift; sourceTree = "<group>"; };
		56A8C1382C1C67D70032E1B5 /* TimeNowController.xib */ = {isa = PBXFileReference; lastKnownFileType = file.xib; path = TimeNowController.xib; sourceTree = "<group>"; };
		56A8C13A2C1C6BCC0032E1B5 /* ItemController.swift */ = {isa = PBXFileReference; lastKnownFileType = sourcecode.swift; path = ItemController.swift; sourceTree = "<group>"; };
		56A8C13E2C1C6C720032E1B5 /* EffectController.swift */ = {isa = PBXFileReference; lastKnownFileType = sourcecode.swift; path = EffectController.swift; sourceTree = "<group>"; };
		56A8C1402C1C6CB80032E1B5 /* EffectController.xib */ = {isa = PBXFileReference; lastKnownFileType = file.xib; path = EffectController.xib; sourceTree = "<group>"; };
		56A8C1422C1C6CE50032E1B5 /* EffectView.swift */ = {isa = PBXFileReference; lastKnownFileType = sourcecode.swift; path = EffectView.swift; sourceTree = "<group>"; };
		56A8C1442C1C77C30032E1B5 /* ItemInfoController.swift */ = {isa = PBXFileReference; lastKnownFileType = sourcecode.swift; path = ItemInfoController.swift; sourceTree = "<group>"; };
		56A8C1462C1C783B0032E1B5 /* ItemInfoController.xib */ = {isa = PBXFileReference; lastKnownFileType = file.xib; path = ItemInfoController.xib; sourceTree = "<group>"; };
		56A8C1482C1C8D1F0032E1B5 /* ItemManager.swift */ = {isa = PBXFileReference; lastKnownFileType = sourcecode.swift; path = ItemManager.swift; sourceTree = "<group>"; };
		56A8C14A2C1C9BB20032E1B5 /* ItemController.xib */ = {isa = PBXFileReference; lastKnownFileType = file.xib; path = ItemController.xib; sourceTree = "<group>"; };
		56A8C14E2C1CDACF0032E1B5 /* CreateEffectDialog.swift */ = {isa = PBXFileReference; lastKnownFileType = sourcecode.swift; path = CreateEffectDialog.swift; sourceTree = "<group>"; };
		56A8C1502C1CDAFE0032E1B5 /* CreateEffectDialog.xib */ = {isa = PBXFileReference; lastKnownFileType = file.xib; path = CreateEffectDialog.xib; sourceTree = "<group>"; };
		56A8C1522C1CE6410032E1B5 /* Light.swift */ = {isa = PBXFileReference; fileEncoding = 4; lastKnownFileType = sourcecode.swift; path = Light.swift; sourceTree = "<group>"; };
		56A8C1532C1CE6410032E1B5 /* Visual.swift */ = {isa = PBXFileReference; fileEncoding = 4; lastKnownFileType = sourcecode.swift; path = Visual.swift; sourceTree = "<group>"; };
		56A8C1542C1CE6410032E1B5 /* VisualItem.swift */ = {isa = PBXFileReference; fileEncoding = 4; lastKnownFileType = sourcecode.swift; path = VisualItem.swift; sourceTree = "<group>"; };
		56A8C1552C1CE6410032E1B5 /* Visualization.swift */ = {isa = PBXFileReference; fileEncoding = 4; lastKnownFileType = sourcecode.swift; path = Visualization.swift; sourceTree = "<group>"; };
		56A8C1562C1CE6410032E1B5 /* XMLProtocol.swift */ = {isa = PBXFileReference; fileEncoding = 4; lastKnownFileType = sourcecode.swift; path = XMLProtocol.swift; sourceTree = "<group>"; };
		56A8C15D2C1DCD660032E1B5 /* DetailHolderView.swift */ = {isa = PBXFileReference; lastKnownFileType = sourcecode.swift; path = DetailHolderView.swift; sourceTree = "<group>"; };
		56A8C15F2C1DEFAD0032E1B5 /* TimeGridController.swift */ = {isa = PBXFileReference; lastKnownFileType = sourcecode.swift; path = TimeGridController.swift; sourceTree = "<group>"; };
		56A8C1612C1DF0010032E1B5 /* TimeGridController.xib */ = {isa = PBXFileReference; lastKnownFileType = file.xib; path = TimeGridController.xib; sourceTree = "<group>"; };
		56A8C1632C1DF03C0032E1B5 /* TimeGridView.swift */ = {isa = PBXFileReference; lastKnownFileType = sourcecode.swift; path = TimeGridView.swift; sourceTree = "<group>"; };
		56A8C1692C1F1CB40032E1B5 /* CreateTimeGridDialog.swift */ = {isa = PBXFileReference; lastKnownFileType = sourcecode.swift; path = CreateTimeGridDialog.swift; sourceTree = "<group>"; };
		56A8C16B2C1F1D130032E1B5 /* CreateTimeGridDialog.xib */ = {isa = PBXFileReference; lastKnownFileType = file.xib; path = CreateTimeGridDialog.xib; sourceTree = "<group>"; };
		56A8C16D2C1F1E980032E1B5 /* ReferenceGridController.swift */ = {isa = PBXFileReference; lastKnownFileType = sourcecode.swift; path = ReferenceGridController.swift; sourceTree = "<group>"; };
		56A8C16F2C1F21750032E1B5 /* ReferenceGridController.xib */ = {isa = PBXFileReference; lastKnownFileType = file.xib; path = ReferenceGridController.xib; sourceTree = "<group>"; };
		56A8C1722C1F57C40032E1B5 /* DeleteTimeGridDialog.swift */ = {isa = PBXFileReference; lastKnownFileType = sourcecode.swift; path = DeleteTimeGridDialog.swift; sourceTree = "<group>"; };
		56A8C1742C1F57F70032E1B5 /* DeleteTimeGridDialog.xib */ = {isa = PBXFileReference; lastKnownFileType = file.xib; path = DeleteTimeGridDialog.xib; sourceTree = "<group>"; };
		56A8C1762C1F59FA0032E1B5 /* ModifyTimingGridDialog.swift */ = {isa = PBXFileReference; lastKnownFileType = sourcecode.swift; path = ModifyTimingGridDialog.swift; sourceTree = "<group>"; };
		56A8C1782C1F5A230032E1B5 /* ModifyTimingGridDialog.xib */ = {isa = PBXFileReference; lastKnownFileType = file.xib; path = ModifyTimingGridDialog.xib; sourceTree = "<group>"; };
		56A8C17C2C20612E0032E1B5 /* DetailItemView.swift */ = {isa = PBXFileReference; lastKnownFileType = sourcecode.swift; path = DetailItemView.swift; sourceTree = "<group>"; };
		56A8C17E2C2092C90032E1B5 /* NewSequenceDialog.swift */ = {isa = PBXFileReference; lastKnownFileType = sourcecode.swift; path = NewSequenceDialog.swift; sourceTree = "<group>"; };
		56A8C1802C2092F70032E1B5 /* NewSequenceDialog.xib */ = {isa = PBXFileReference; lastKnownFileType = file.xib; path = NewSequenceDialog.xib; sourceTree = "<group>"; };
		56A8C1822C20D3140032E1B5 /* PatternType.swift */ = {isa = PBXFileReference; lastKnownFileType = sourcecode.swift; path = PatternType.swift; sourceTree = "<group>"; };
		56A8C1842C20D4E40032E1B5 /* TransitionType.swift */ = {isa = PBXFileReference; lastKnownFileType = sourcecode.swift; path = TransitionType.swift; sourceTree = "<group>"; };
		56A8C1872C20FCF00032E1B5 /* PatternCache.swift */ = {isa = PBXFileReference; lastKnownFileType = sourcecode.swift; path = PatternCache.swift; sourceTree = "<group>"; };
		56A8C1892C20FE5E0032E1B5 /* ImageCache.swift */ = {isa = PBXFileReference; lastKnownFileType = sourcecode.swift; path = ImageCache.swift; sourceTree = "<group>"; };
		56A8C18C2C2100790032E1B5 /* PixelColor.swift */ = {isa = PBXFileReference; lastKnownFileType = sourcecode.swift; path = PixelColor.swift; sourceTree = "<group>"; };
		56A8C18E2C21B3CA0032E1B5 /* Render.swift */ = {isa = PBXFileReference; lastKnownFileType = sourcecode.swift; path = Render.swift; sourceTree = "<group>"; };
		56A8C1902C23234B0032E1B5 /* ExportLightDialog.swift */ = {isa = PBXFileReference; lastKnownFileType = sourcecode.swift; path = ExportLightDialog.swift; sourceTree = "<group>"; };
		56A8C1922C23237C0032E1B5 /* ExportLightDialog.xib */ = {isa = PBXFileReference; lastKnownFileType = file.xib; path = ExportLightDialog.xib; sourceTree = "<group>"; };
		56A8C1942C235FE10032E1B5 /* SequenceVisualController.swift */ = {isa = PBXFileReference; lastKnownFileType = sourcecode.swift; path = SequenceVisualController.swift; sourceTree = "<group>"; };
		56A8C1962C2360060032E1B5 /* SequenceVisualController.xib */ = {isa = PBXFileReference; lastKnownFileType = file.xib; path = SequenceVisualController.xib; sourceTree = "<group>"; };
		56A8C1982C2360AE0032E1B5 /* SequenceVisualizationView.swift */ = {isa = PBXFileReference; lastKnownFileType = sourcecode.swift; path = SequenceVisualizationView.swift; sourceTree = "<group>"; };
		56A8C19E2C258B010032E1B5 /* AccessoryVisualizerController.swift */ = {isa = PBXFileReference; lastKnownFileType = sourcecode.swift; path = AccessoryVisualizerController.swift; sourceTree = "<group>"; };
		56A8C1A02C258B3A0032E1B5 /* AccessoryVisualizerController.xib */ = {isa = PBXFileReference; lastKnownFileType = file.xib; path = AccessoryVisualizerController.xib; sourceTree = "<group>"; };
		56A8C1A22C258E240032E1B5 /* VisualizerController.swift */ = {isa = PBXFileReference; lastKnownFileType = sourcecode.swift; path = VisualizerController.swift; sourceTree = "<group>"; };
		56A8C1A42C258E980032E1B5 /* VisualizerController.xib */ = {isa = PBXFileReference; lastKnownFileType = file.xib; path = VisualizerController.xib; sourceTree = "<group>"; };
		56A8C1A62C258EC30032E1B5 /* VisualizationView.swift */ = {isa = PBXFileReference; fileEncoding = 4; lastKnownFileType = sourcecode.swift; path = VisualizationView.swift; sourceTree = "<group>"; };
/* End PBXFileReference section */

/* Begin PBXFrameworksBuildPhase section */
		56A8C0BE2C19BDED0032E1B5 /* Frameworks */ = {
			isa = PBXFrameworksBuildPhase;
			buildActionMask = 2147483647;
			files = (
				56A8C0DD2C19C2F20032E1B5 /* UniformTypeIdentifiers.framework in Frameworks */,
				56A8C0DF2C19C3020032E1B5 /* AppKit.framework in Frameworks */,
				56A8C0DB2C19C2EB0032E1B5 /* AVFoundation.framework in Frameworks */,
				56A8C0D92C19C2E30032E1B5 /* QuartzCore.framework in Frameworks */,
			);
			runOnlyForDeploymentPostprocessing = 0;
		};
/* End PBXFrameworksBuildPhase section */

/* Begin PBXGroup section */
		56A8C0B82C19BDED0032E1B5 = {
			isa = PBXGroup;
			children = (
				56A8C0C32C19BDED0032E1B5 /* Sequencer */,
				56A8C0C22C19BDED0032E1B5 /* Products */,
				56A8C0D72C19C2E20032E1B5 /* Frameworks */,
			);
			sourceTree = "<group>";
		};
		56A8C0C22C19BDED0032E1B5 /* Products */ = {
			isa = PBXGroup;
			children = (
				56A8C0C12C19BDED0032E1B5 /* Sequencer.app */,
			);
			name = Products;
			sourceTree = "<group>";
		};
		56A8C0C32C19BDED0032E1B5 /* Sequencer */ = {
			isa = PBXGroup;
			children = (
				56A8C0E22C19CA4A0032E1B5 /* Extensions */,
				56A8C0F62C19D3FD0032E1B5 /* Types */,
				56A8C0FC2C19EDB30032E1B5 /* Dialogs */,
				56A8C1172C1B2FA40032E1B5 /* Views */,
				56A8C1032C1A0B7C0032E1B5 /* Controllers */,
				56A8C0C42C19BDED0032E1B5 /* AppDelegate.swift */,
				56A8C1482C1C8D1F0032E1B5 /* ItemManager.swift */,
				56A8C0CB2C19BDEE0032E1B5 /* Assets.xcassets */,
				56A8C0CD2C19BDEE0032E1B5 /* MainMenu.xib */,
				56A8C0D02C19BDEE0032E1B5 /* Info.plist */,
				56A8C0D12C19BDEE0032E1B5 /* Sequencer.entitlements */,
			);
			path = Sequencer;
			sourceTree = "<group>";
		};
		56A8C0D72C19C2E20032E1B5 /* Frameworks */ = {
			isa = PBXGroup;
			children = (
				56A8C0DE2C19C3020032E1B5 /* AppKit.framework */,
				56A8C0DC2C19C2F20032E1B5 /* UniformTypeIdentifiers.framework */,
				56A8C0DA2C19C2EB0032E1B5 /* AVFoundation.framework */,
				56A8C0D82C19C2E30032E1B5 /* QuartzCore.framework */,
			);
			name = Frameworks;
			sourceTree = "<group>";
		};
		56A8C0E22C19CA4A0032E1B5 /* Extensions */ = {
			isa = PBXGroup;
			children = (
				56A8C1152C1A61E30032E1B5 /* ScrollView+extensions.swift */,
				56A8C0E32C19CA530032E1B5 /* Common */,
			);
			path = Extensions;
			sourceTree = "<group>";
		};
		56A8C0E32C19CA530032E1B5 /* Common */ = {
			isa = PBXGroup;
			children = (
				56A8C0F22C19CBEA0032E1B5 /* Number+extensions.swift */,
				56A8C0F42C19CCB00032E1B5 /* FloatDoubleInt+extensions.swift */,
				56A8C0F02C19CBDB0032E1B5 /* ContiguousBytes+extensions.swift */,
				56A8C0EE2C19CBB00032E1B5 /* CGSize+extensions.swift */,
				56A8C0EC2C19CB4C0032E1B5 /* CGPoint+extensions.swift */,
				56A8C0EA2C19CB250032E1B5 /* CGColor+extensions.swift */,
				56A8C0E82C19CAE90032E1B5 /* NSColor+extensions.swift */,
				56A8C0E62C19CAAE0032E1B5 /* Data+extensions.swift */,
				56A8C0E42C19CA750032E1B5 /* URL+extensions.swift */,
			);
			path = Common;
			sourceTree = "<group>";
		};
		56A8C0F62C19D3FD0032E1B5 /* Types */ = {
			isa = PBXGroup;
			children = (
				56A8C18B2C2100600032E1B5 /* Rendering */,
				56A8C1572C1CE6410032E1B5 /* Bundles */,
				56A8C10D2C1A0D5C0032E1B5 /* Sequence */,
				56A8C10C2C1A0D330032E1B5 /* General */,
			);
			path = Types;
			sourceTree = "<group>";
		};
		56A8C0FC2C19EDB30032E1B5 /* Dialogs */ = {
			isa = PBXGroup;
			children = (
				56A8C0FD2C19EDC60032E1B5 /* SettingsDialog.swift */,
				56A8C0FF2C19F0F20032E1B5 /* SettingsDialog.xib */,
				56A8C1202C1C59B10032E1B5 /* ModifyVisualNameDialog.swift */,
				56A8C1222C1C5ADD0032E1B5 /* ModifyVisualNameDialog.xib */,
				56A8C14E2C1CDACF0032E1B5 /* CreateEffectDialog.swift */,
				56A8C1502C1CDAFE0032E1B5 /* CreateEffectDialog.xib */,
				56A8C1712C1F4CDB0032E1B5 /* TimingGrids */,
				56A8C17E2C2092C90032E1B5 /* NewSequenceDialog.swift */,
				56A8C1802C2092F70032E1B5 /* NewSequenceDialog.xib */,
				56A8C1902C23234B0032E1B5 /* ExportLightDialog.swift */,
				56A8C1922C23237C0032E1B5 /* ExportLightDialog.xib */,
			);
			path = Dialogs;
			sourceTree = "<group>";
		};
		56A8C1032C1A0B7C0032E1B5 /* Controllers */ = {
			isa = PBXGroup;
			children = (
				56A8C0C62C19BDED0032E1B5 /* SequenceDocument.swift */,
				56A8C1012C1A0B4E0032E1B5 /* SequenceController.swift */,
				56A8C0C82C19BDED0032E1B5 /* SequenceDocument.xib */,
				56A8C1AA2C25A1FF0032E1B5 /* Sequence */,
				56A8C1A92C25A1E30032E1B5 /* Time */,
				56A8C1A82C25A1BB0032E1B5 /* Visualization */,
			);
			path = Controllers;
			sourceTree = "<group>";
		};
		56A8C10C2C1A0D330032E1B5 /* General */ = {
			isa = PBXGroup;
			children = (
				56A8C0E02C19C5110032E1B5 /* Globals.swift */,
				56A8C10A2C1A0D2D0032E1B5 /* SynchronizedScollView.swift */,
				56A8C1082C1A0D230032E1B5 /* Utilities.swift */,
				56A8C1052C1A0CF70032E1B5 /* LightFile.swift */,
				56A8C1042C1A0CF70032E1B5 /* MusicPlayer.swift */,
				56A8C0FA2C19D9E50032E1B5 /* GeneralError.swift */,
				56A8C0F82C19D4160032E1B5 /* SettingsData.swift */,
			);
			path = General;
			sourceTree = "<group>";
		};
		56A8C10D2C1A0D5C0032E1B5 /* Sequence */ = {
			isa = PBXGroup;
			children = (
				56A8C10E2C1A0D7D0032E1B5 /* ItemEffect.swift */,
				56A8C1102C1A15710032E1B5 /* SeqItem.swift */,
				56A8C1132C1A1D930032E1B5 /* TimeGrid.swift */,
			);
			path = Sequence;
			sourceTree = "<group>";
		};
		56A8C1172C1B2FA40032E1B5 /* Views */ = {
			isa = PBXGroup;
			children = (
				56A8C1A62C258EC30032E1B5 /* VisualizationView.swift */,
				56A8C1982C2360AE0032E1B5 /* SequenceVisualizationView.swift */,
				56A8C1182C1B35480032E1B5 /* BackgroundView.swift */,
				56A8C11A2C1B37880032E1B5 /* BorderedView.swift */,
				56A8C1362C1C66670032E1B5 /* TimeNowView.swift */,
				56A8C1422C1C6CE50032E1B5 /* EffectView.swift */,
				56A8C17C2C20612E0032E1B5 /* DetailItemView.swift */,
				56A8C15D2C1DCD660032E1B5 /* DetailHolderView.swift */,
				56A8C1632C1DF03C0032E1B5 /* TimeGridView.swift */,
			);
			path = Views;
			sourceTree = "<group>";
		};
		56A8C1572C1CE6410032E1B5 /* Bundles */ = {
			isa = PBXGroup;
			children = (
				56A8C1522C1CE6410032E1B5 /* Light.swift */,
				56A8C1532C1CE6410032E1B5 /* Visual.swift */,
				56A8C1542C1CE6410032E1B5 /* VisualItem.swift */,
				56A8C1552C1CE6410032E1B5 /* Visualization.swift */,
				56A8C1562C1CE6410032E1B5 /* XMLProtocol.swift */,
			);
			path = Bundles;
			sourceTree = "<group>";
		};
		56A8C1712C1F4CDB0032E1B5 /* TimingGrids */ = {
			isa = PBXGroup;
			children = (
				56A8C1692C1F1CB40032E1B5 /* CreateTimeGridDialog.swift */,
				56A8C16B2C1F1D130032E1B5 /* CreateTimeGridDialog.xib */,
				56A8C16D2C1F1E980032E1B5 /* ReferenceGridController.swift */,
				56A8C16F2C1F21750032E1B5 /* ReferenceGridController.xib */,
				56A8C1722C1F57C40032E1B5 /* DeleteTimeGridDialog.swift */,
				56A8C1742C1F57F70032E1B5 /* DeleteTimeGridDialog.xib */,
				56A8C1762C1F59FA0032E1B5 /* ModifyTimingGridDialog.swift */,
				56A8C1782C1F5A230032E1B5 /* ModifyTimingGridDialog.xib */,
			);
			path = TimingGrids;
			sourceTree = "<group>";
		};
		56A8C18B2C2100600032E1B5 /* Rendering */ = {
			isa = PBXGroup;
			children = (
				56A8C1872C20FCF00032E1B5 /* PatternCache.swift */,
				56A8C1892C20FE5E0032E1B5 /* ImageCache.swift */,
				56A8C1822C20D3140032E1B5 /* PatternType.swift */,
				56A8C1842C20D4E40032E1B5 /* TransitionType.swift */,
				56A8C18C2C2100790032E1B5 /* PixelColor.swift */,
				56A8C18E2C21B3CA0032E1B5 /* Render.swift */,
			);
			path = Rendering;
			sourceTree = "<group>";
		};
		56A8C1A82C25A1BB0032E1B5 /* Visualization */ = {
			isa = PBXGroup;
			children = (
				56A8C1942C235FE10032E1B5 /* SequenceVisualController.swift */,
				56A8C1962C2360060032E1B5 /* SequenceVisualController.xib */,
				56A8C19E2C258B010032E1B5 /* AccessoryVisualizerController.swift */,
				56A8C1A02C258B3A0032E1B5 /* AccessoryVisualizerController.xib */,
				56A8C1A22C258E240032E1B5 /* VisualizerController.swift */,
				56A8C1A42C258E980032E1B5 /* VisualizerController.xib */,
			);
			path = Visualization;
			sourceTree = "<group>";
		};
		56A8C1A92C25A1E30032E1B5 /* Time */ = {
			isa = PBXGroup;
			children = (
				56A8C15F2C1DEFAD0032E1B5 /* TimeGridController.swift */,
				56A8C1612C1DF0010032E1B5 /* TimeGridController.xib */,
				56A8C1302C1C65B20032E1B5 /* GridContainer.swift */,
				56A8C1322C1C65DC0032E1B5 /* GridContainer.xib */,
				56A8C1342C1C661E0032E1B5 /* TimeNowController.swift */,
				56A8C1382C1C67D70032E1B5 /* TimeNowController.xib */,
			);
			path = Time;
			sourceTree = "<group>";
		};
		56A8C1AA2C25A1FF0032E1B5 /* Sequence */ = {
			isa = PBXGroup;
			children = (
				56A8C13A2C1C6BCC0032E1B5 /* ItemController.swift */,
				56A8C14A2C1C9BB20032E1B5 /* ItemController.xib */,
				56A8C1442C1C77C30032E1B5 /* ItemInfoController.swift */,
				56A8C1462C1C783B0032E1B5 /* ItemInfoController.xib */,
				56A8C13E2C1C6C720032E1B5 /* EffectController.swift */,
				56A8C1402C1C6CB80032E1B5 /* EffectController.xib */,
			);
			path = Sequence;
			sourceTree = "<group>";
		};
/* End PBXGroup section */

/* Begin PBXNativeTarget section */
		56A8C0C02C19BDED0032E1B5 /* Sequencer */ = {
			isa = PBXNativeTarget;
			buildConfigurationList = 56A8C0D42C19BDEE0032E1B5 /* Build configuration list for PBXNativeTarget "Sequencer" */;
			buildPhases = (
				56A8C0BD2C19BDED0032E1B5 /* Sources */,
				56A8C0BE2C19BDED0032E1B5 /* Frameworks */,
				56A8C0BF2C19BDED0032E1B5 /* Resources */,
			);
			buildRules = (
			);
			dependencies = (
			);
			name = Sequencer;
			productName = Sequencer;
			productReference = 56A8C0C12C19BDED0032E1B5 /* Sequencer.app */;
			productType = "com.apple.product-type.application";
		};
/* End PBXNativeTarget section */

/* Begin PBXProject section */
		56A8C0B92C19BDED0032E1B5 /* Project object */ = {
			isa = PBXProject;
			attributes = {
				BuildIndependentTargetsInParallel = 1;
				LastSwiftUpdateCheck = 1540;
				LastUpgradeCheck = 1540;
				ORGANIZATIONNAME = "Charles Kerr";
				TargetAttributes = {
					56A8C0C02C19BDED0032E1B5 = {
						CreatedOnToolsVersion = 15.4;
					};
				};
			};
			buildConfigurationList = 56A8C0BC2C19BDED0032E1B5 /* Build configuration list for PBXProject "Sequencer" */;
			compatibilityVersion = "Xcode 15.3";
			developmentRegion = en;
			hasScannedForEncodings = 0;
			knownRegions = (
				en,
				Base,
			);
			mainGroup = 56A8C0B82C19BDED0032E1B5;
			productRefGroup = 56A8C0C22C19BDED0032E1B5 /* Products */;
			projectDirPath = "";
			projectRoot = "";
			targets = (
				56A8C0C02C19BDED0032E1B5 /* Sequencer */,
			);
		};
/* End PBXProject section */

/* Begin PBXResourcesBuildPhase section */
		56A8C0BF2C19BDED0032E1B5 /* Resources */ = {
			isa = PBXResourcesBuildPhase;
			buildActionMask = 2147483647;
			files = (
				56A8C1A52C258E980032E1B5 /* VisualizerController.xib in Resources */,
				56A8C14B2C1C9BB20032E1B5 /* ItemController.xib in Resources */,
				56A8C1812C2092F70032E1B5 /* NewSequenceDialog.xib in Resources */,
				56A8C1792C1F5A230032E1B5 /* ModifyTimingGridDialog.xib in Resources */,
				56A8C1472C1C783B0032E1B5 /* ItemInfoController.xib in Resources */,
				56A8C1512C1CDAFE0032E1B5 /* CreateEffectDialog.xib in Resources */,
				56A8C1392C1C67D70032E1B5 /* TimeNowController.xib in Resources */,
				56A8C16C2C1F1D130032E1B5 /* CreateTimeGridDialog.xib in Resources */,
				56A8C1702C1F21750032E1B5 /* ReferenceGridController.xib in Resources */,
				56A8C1A12C258B3A0032E1B5 /* AccessoryVisualizerController.xib in Resources */,
				56A8C1622C1DF0010032E1B5 /* TimeGridController.xib in Resources */,
				56A8C1002C19F0F20032E1B5 /* SettingsDialog.xib in Resources */,
				56A8C0CC2C19BDEE0032E1B5 /* Assets.xcassets in Resources */,
				56A8C0CF2C19BDEE0032E1B5 /* Base in Resources */,
				56A8C1752C1F57F70032E1B5 /* DeleteTimeGridDialog.xib in Resources */,
				56A8C1972C2360060032E1B5 /* SequenceVisualController.xib in Resources */,
				56A8C0CA2C19BDED0032E1B5 /* Base in Resources */,
				56A8C1932C23237C0032E1B5 /* ExportLightDialog.xib in Resources */,
				56A8C1332C1C65DC0032E1B5 /* GridContainer.xib in Resources */,
				56A8C1412C1C6CB80032E1B5 /* EffectController.xib in Resources */,
				56A8C1232C1C5ADD0032E1B5 /* ModifyVisualNameDialog.xib in Resources */,
			);
			runOnlyForDeploymentPostprocessing = 0;
		};
/* End PBXResourcesBuildPhase section */

/* Begin PBXSourcesBuildPhase section */
		56A8C0BD2C19BDED0032E1B5 /* Sources */ = {
			isa = PBXSourcesBuildPhase;
			buildActionMask = 2147483647;
			files = (
				56A8C1A32C258E240032E1B5 /* VisualizerController.swift in Sources */,
				56A8C1112C1A15710032E1B5 /* SeqItem.swift in Sources */,
				56A8C1022C1A0B4E0032E1B5 /* SequenceController.swift in Sources */,
				56A8C1882C20FCF00032E1B5 /* PatternCache.swift in Sources */,
				56A8C0EF2C19CBB00032E1B5 /* CGSize+extensions.swift in Sources */,
				56A8C0E72C19CAAE0032E1B5 /* Data+extensions.swift in Sources */,
				56A8C0F32C19CBEA0032E1B5 /* Number+extensions.swift in Sources */,
				56A8C1602C1DEFAD0032E1B5 /* TimeGridController.swift in Sources */,
				56A8C18F2C21B3CA0032E1B5 /* Render.swift in Sources */,
				56A8C15C2C1CE6410032E1B5 /* XMLProtocol.swift in Sources */,
				56A8C11B2C1B37880032E1B5 /* BorderedView.swift in Sources */,
				56A8C1212C1C59B10032E1B5 /* ModifyVisualNameDialog.swift in Sources */,
				56A8C1072C1A0CF70032E1B5 /* LightFile.swift in Sources */,
				56A8C16A2C1F1CB40032E1B5 /* CreateTimeGridDialog.swift in Sources */,
				56A8C18A2C20FE5E0032E1B5 /* ImageCache.swift in Sources */,
				56A8C0C72C19BDED0032E1B5 /* SequenceDocument.swift in Sources */,
				56A8C13F2C1C6C720032E1B5 /* EffectController.swift in Sources */,
				56A8C1492C1C8D1F0032E1B5 /* ItemManager.swift in Sources */,
				56A8C0ED2C19CB4C0032E1B5 /* CGPoint+extensions.swift in Sources */,
				56A8C0FB2C19D9E50032E1B5 /* GeneralError.swift in Sources */,
				56A8C1062C1A0CF70032E1B5 /* MusicPlayer.swift in Sources */,
				56A8C1832C20D3140032E1B5 /* PatternType.swift in Sources */,
				56A8C0F12C19CBDB0032E1B5 /* ContiguousBytes+extensions.swift in Sources */,
				56A8C0E52C19CA750032E1B5 /* URL+extensions.swift in Sources */,
				56A8C16E2C1F1E980032E1B5 /* ReferenceGridController.swift in Sources */,
				56A8C0C52C19BDED0032E1B5 /* AppDelegate.swift in Sources */,
				56A8C0F92C19D4160032E1B5 /* SettingsData.swift in Sources */,
				56A8C15A2C1CE6410032E1B5 /* VisualItem.swift in Sources */,
				56A8C1092C1A0D230032E1B5 /* Utilities.swift in Sources */,
				56A8C1192C1B35480032E1B5 /* BackgroundView.swift in Sources */,
				56A8C1912C23234B0032E1B5 /* ExportLightDialog.swift in Sources */,
				56A8C10B2C1A0D2D0032E1B5 /* SynchronizedScollView.swift in Sources */,
				56A8C0E92C19CAE90032E1B5 /* NSColor+extensions.swift in Sources */,
				56A8C1582C1CE6410032E1B5 /* Light.swift in Sources */,
				56A8C1732C1F57C40032E1B5 /* DeleteTimeGridDialog.swift in Sources */,
				56A8C1772C1F59FA0032E1B5 /* ModifyTimingGridDialog.swift in Sources */,
				56A8C15B2C1CE6410032E1B5 /* Visualization.swift in Sources */,
				56A8C1852C20D4E40032E1B5 /* TransitionType.swift in Sources */,
				56A8C1992C2360AE0032E1B5 /* SequenceVisualizationView.swift in Sources */,
				56A8C19F2C258B010032E1B5 /* AccessoryVisualizerController.swift in Sources */,
				56A8C1592C1CE6410032E1B5 /* Visual.swift in Sources */,
				56A8C1952C235FE10032E1B5 /* SequenceVisualController.swift in Sources */,
				56A8C1452C1C77C30032E1B5 /* ItemInfoController.swift in Sources */,
				56A8C1372C1C66670032E1B5 /* TimeNowView.swift in Sources */,
				56A8C0E12C19C5110032E1B5 /* Globals.swift in Sources */,
				56A8C1142C1A1D930032E1B5 /* TimeGrid.swift in Sources */,
				56A8C18D2C2100790032E1B5 /* PixelColor.swift in Sources */,
				56A8C15E2C1DCD660032E1B5 /* DetailHolderView.swift in Sources */,
				56A8C17F2C2092C90032E1B5 /* NewSequenceDialog.swift in Sources */,
				56A8C1432C1C6CE50032E1B5 /* EffectView.swift in Sources */,
				56A8C13B2C1C6BCC0032E1B5 /* ItemController.swift in Sources */,
				56A8C1352C1C661E0032E1B5 /* TimeNowController.swift in Sources */,
				56A8C17D2C20612E0032E1B5 /* DetailItemView.swift in Sources */,
				56A8C1162C1A61E30032E1B5 /* ScrollView+extensions.swift in Sources */,
				56A8C1642C1DF03C0032E1B5 /* TimeGridView.swift in Sources */,
				56A8C1A72C258EC30032E1B5 /* VisualizationView.swift in Sources */,
				56A8C0FE2C19EDC60032E1B5 /* SettingsDialog.swift in Sources */,
				56A8C1312C1C65B20032E1B5 /* GridContainer.swift in Sources */,
				56A8C14F2C1CDACF0032E1B5 /* CreateEffectDialog.swift in Sources */,
				56A8C0F52C19CCB00032E1B5 /* FloatDoubleInt+extensions.swift in Sources */,
				56A8C10F2C1A0D7D0032E1B5 /* ItemEffect.swift in Sources */,
				56A8C0EB2C19CB250032E1B5 /* CGColor+extensions.swift in Sources */,
			);
			runOnlyForDeploymentPostprocessing = 0;
		};
/* End PBXSourcesBuildPhase section */

/* Begin PBXVariantGroup section */
		56A8C0C82C19BDED0032E1B5 /* SequenceDocument.xib */ = {
			isa = PBXVariantGroup;
			children = (
				56A8C0C92C19BDED0032E1B5 /* Base */,
			);
			name = SequenceDocument.xib;
			sourceTree = "<group>";
		};
		56A8C0CD2C19BDEE0032E1B5 /* MainMenu.xib */ = {
			isa = PBXVariantGroup;
			children = (
				56A8C0CE2C19BDEE0032E1B5 /* Base */,
			);
			name = MainMenu.xib;
			sourceTree = "<group>";
		};
/* End PBXVariantGroup section */

/* Begin XCBuildConfiguration section */
		56A8C0D22C19BDEE0032E1B5 /* Debug */ = {
			isa = XCBuildConfiguration;
			buildSettings = {
				ALWAYS_SEARCH_USER_PATHS = NO;
				ASSETCATALOG_COMPILER_GENERATE_SWIFT_ASSET_SYMBOL_EXTENSIONS = YES;
				CLANG_ANALYZER_NONNULL = YES;
				CLANG_ANALYZER_NUMBER_OBJECT_CONVERSION = YES_AGGRESSIVE;
				CLANG_CXX_LANGUAGE_STANDARD = "gnu++20";
				CLANG_ENABLE_MODULES = YES;
				CLANG_ENABLE_OBJC_ARC = YES;
				CLANG_ENABLE_OBJC_WEAK = YES;
				CLANG_WARN_BLOCK_CAPTURE_AUTORELEASING = YES;
				CLANG_WARN_BOOL_CONVERSION = YES;
				CLANG_WARN_COMMA = YES;
				CLANG_WARN_CONSTANT_CONVERSION = YES;
				CLANG_WARN_DEPRECATED_OBJC_IMPLEMENTATIONS = YES;
				CLANG_WARN_DIRECT_OBJC_ISA_USAGE = YES_ERROR;
				CLANG_WARN_DOCUMENTATION_COMMENTS = YES;
				CLANG_WARN_EMPTY_BODY = YES;
				CLANG_WARN_ENUM_CONVERSION = YES;
				CLANG_WARN_INFINITE_RECURSION = YES;
				CLANG_WARN_INT_CONVERSION = YES;
				CLANG_WARN_NON_LITERAL_NULL_CONVERSION = YES;
				CLANG_WARN_OBJC_IMPLICIT_RETAIN_SELF = YES;
				CLANG_WARN_OBJC_LITERAL_CONVERSION = YES;
				CLANG_WARN_OBJC_ROOT_CLASS = YES_ERROR;
				CLANG_WARN_QUOTED_INCLUDE_IN_FRAMEWORK_HEADER = YES;
				CLANG_WARN_RANGE_LOOP_ANALYSIS = YES;
				CLANG_WARN_STRICT_PROTOTYPES = YES;
				CLANG_WARN_SUSPICIOUS_MOVE = YES;
				CLANG_WARN_UNGUARDED_AVAILABILITY = YES_AGGRESSIVE;
				CLANG_WARN_UNREACHABLE_CODE = YES;
				CLANG_WARN__DUPLICATE_METHOD_MATCH = YES;
				COPY_PHASE_STRIP = NO;
				DEBUG_INFORMATION_FORMAT = dwarf;
				ENABLE_STRICT_OBJC_MSGSEND = YES;
				ENABLE_TESTABILITY = YES;
				ENABLE_USER_SCRIPT_SANDBOXING = YES;
				GCC_C_LANGUAGE_STANDARD = gnu17;
				GCC_DYNAMIC_NO_PIC = NO;
				GCC_NO_COMMON_BLOCKS = YES;
				GCC_OPTIMIZATION_LEVEL = 0;
				GCC_PREPROCESSOR_DEFINITIONS = (
					"DEBUG=1",
					"$(inherited)",
				);
				GCC_WARN_64_TO_32_BIT_CONVERSION = YES;
				GCC_WARN_ABOUT_RETURN_TYPE = YES_ERROR;
				GCC_WARN_UNDECLARED_SELECTOR = YES;
				GCC_WARN_UNINITIALIZED_AUTOS = YES_AGGRESSIVE;
				GCC_WARN_UNUSED_FUNCTION = YES;
				GCC_WARN_UNUSED_VARIABLE = YES;
				LOCALIZATION_PREFERS_STRING_CATALOGS = YES;
				MACOSX_DEPLOYMENT_TARGET = 14.5;
				MTL_ENABLE_DEBUG_INFO = INCLUDE_SOURCE;
				MTL_FAST_MATH = YES;
				ONLY_ACTIVE_ARCH = YES;
				SDKROOT = macosx;
				SWIFT_ACTIVE_COMPILATION_CONDITIONS = "DEBUG $(inherited)";
				SWIFT_OPTIMIZATION_LEVEL = "-Onone";
			};
			name = Debug;
		};
		56A8C0D32C19BDEE0032E1B5 /* Release */ = {
			isa = XCBuildConfiguration;
			buildSettings = {
				ALWAYS_SEARCH_USER_PATHS = NO;
				ASSETCATALOG_COMPILER_GENERATE_SWIFT_ASSET_SYMBOL_EXTENSIONS = YES;
				CLANG_ANALYZER_NONNULL = YES;
				CLANG_ANALYZER_NUMBER_OBJECT_CONVERSION = YES_AGGRESSIVE;
				CLANG_CXX_LANGUAGE_STANDARD = "gnu++20";
				CLANG_ENABLE_MODULES = YES;
				CLANG_ENABLE_OBJC_ARC = YES;
				CLANG_ENABLE_OBJC_WEAK = YES;
				CLANG_WARN_BLOCK_CAPTURE_AUTORELEASING = YES;
				CLANG_WARN_BOOL_CONVERSION = YES;
				CLANG_WARN_COMMA = YES;
				CLANG_WARN_CONSTANT_CONVERSION = YES;
				CLANG_WARN_DEPRECATED_OBJC_IMPLEMENTATIONS = YES;
				CLANG_WARN_DIRECT_OBJC_ISA_USAGE = YES_ERROR;
				CLANG_WARN_DOCUMENTATION_COMMENTS = YES;
				CLANG_WARN_EMPTY_BODY = YES;
				CLANG_WARN_ENUM_CONVERSION = YES;
				CLANG_WARN_INFINITE_RECURSION = YES;
				CLANG_WARN_INT_CONVERSION = YES;
				CLANG_WARN_NON_LITERAL_NULL_CONVERSION = YES;
				CLANG_WARN_OBJC_IMPLICIT_RETAIN_SELF = YES;
				CLANG_WARN_OBJC_LITERAL_CONVERSION = YES;
				CLANG_WARN_OBJC_ROOT_CLASS = YES_ERROR;
				CLANG_WARN_QUOTED_INCLUDE_IN_FRAMEWORK_HEADER = YES;
				CLANG_WARN_RANGE_LOOP_ANALYSIS = YES;
				CLANG_WARN_STRICT_PROTOTYPES = YES;
				CLANG_WARN_SUSPICIOUS_MOVE = YES;
				CLANG_WARN_UNGUARDED_AVAILABILITY = YES_AGGRESSIVE;
				CLANG_WARN_UNREACHABLE_CODE = YES;
				CLANG_WARN__DUPLICATE_METHOD_MATCH = YES;
				COPY_PHASE_STRIP = NO;
				DEBUG_INFORMATION_FORMAT = "dwarf-with-dsym";
				ENABLE_NS_ASSERTIONS = NO;
				ENABLE_STRICT_OBJC_MSGSEND = YES;
				ENABLE_USER_SCRIPT_SANDBOXING = YES;
				GCC_C_LANGUAGE_STANDARD = gnu17;
				GCC_NO_COMMON_BLOCKS = YES;
				GCC_WARN_64_TO_32_BIT_CONVERSION = YES;
				GCC_WARN_ABOUT_RETURN_TYPE = YES_ERROR;
				GCC_WARN_UNDECLARED_SELECTOR = YES;
				GCC_WARN_UNINITIALIZED_AUTOS = YES_AGGRESSIVE;
				GCC_WARN_UNUSED_FUNCTION = YES;
				GCC_WARN_UNUSED_VARIABLE = YES;
				LOCALIZATION_PREFERS_STRING_CATALOGS = YES;
				MACOSX_DEPLOYMENT_TARGET = 14.5;
				MTL_ENABLE_DEBUG_INFO = NO;
				MTL_FAST_MATH = YES;
				SDKROOT = macosx;
				SWIFT_COMPILATION_MODE = wholemodule;
			};
			name = Release;
		};
		56A8C0D52C19BDEE0032E1B5 /* Debug */ = {
			isa = XCBuildConfiguration;
			buildSettings = {
				ASSETCATALOG_COMPILER_APPICON_NAME = AppIcon;
				ASSETCATALOG_COMPILER_GLOBAL_ACCENT_COLOR_NAME = AccentColor;
				CODE_SIGN_ENTITLEMENTS = Sequencer/Sequencer.entitlements;
				CODE_SIGN_STYLE = Automatic;
				COMBINE_HIDPI_IMAGES = YES;
				CURRENT_PROJECT_VERSION = 1;
				DEVELOPMENT_TEAM = CF264WE69M;
				ENABLE_HARDENED_RUNTIME = YES;
				GENERATE_INFOPLIST_FILE = YES;
				INFOPLIST_FILE = Sequencer/Info.plist;
				INFOPLIST_KEY_NSHumanReadableCopyright = "";
				INFOPLIST_KEY_NSMainNibFile = MainMenu;
				INFOPLIST_KEY_NSPrincipalClass = NSApplication;
				LD_RUNPATH_SEARCH_PATHS = (
					"$(inherited)",
					"@executable_path/../Frameworks",
				);
				MARKETING_VERSION = 1.0;
				PRODUCT_BUNDLE_IDENTIFIER = com.blinky.Sequencer;
				PRODUCT_NAME = "$(TARGET_NAME)";
				SWIFT_EMIT_LOC_STRINGS = YES;
				SWIFT_VERSION = 5.0;
			};
			name = Debug;
		};
		56A8C0D62C19BDEE0032E1B5 /* Release */ = {
			isa = XCBuildConfiguration;
			buildSettings = {
				ASSETCATALOG_COMPILER_APPICON_NAME = AppIcon;
				ASSETCATALOG_COMPILER_GLOBAL_ACCENT_COLOR_NAME = AccentColor;
				CODE_SIGN_ENTITLEMENTS = Sequencer/Sequencer.entitlements;
				CODE_SIGN_STYLE = Automatic;
				COMBINE_HIDPI_IMAGES = YES;
				CURRENT_PROJECT_VERSION = 1;
				DEVELOPMENT_TEAM = CF264WE69M;
				ENABLE_HARDENED_RUNTIME = YES;
				GENERATE_INFOPLIST_FILE = YES;
				INFOPLIST_FILE = Sequencer/Info.plist;
				INFOPLIST_KEY_NSHumanReadableCopyright = "";
				INFOPLIST_KEY_NSMainNibFile = MainMenu;
				INFOPLIST_KEY_NSPrincipalClass = NSApplication;
				LD_RUNPATH_SEARCH_PATHS = (
					"$(inherited)",
					"@executable_path/../Frameworks",
				);
				MARKETING_VERSION = 1.0;
				PRODUCT_BUNDLE_IDENTIFIER = com.blinky.Sequencer;
				PRODUCT_NAME = "$(TARGET_NAME)";
				SWIFT_EMIT_LOC_STRINGS = YES;
				SWIFT_VERSION = 5.0;
			};
			name = Release;
		};
/* End XCBuildConfiguration section */

/* Begin XCConfigurationList section */
		56A8C0BC2C19BDED0032E1B5 /* Build configuration list for PBXProject "Sequencer" */ = {
			isa = XCConfigurationList;
			buildConfigurations = (
				56A8C0D22C19BDEE0032E1B5 /* Debug */,
				56A8C0D32C19BDEE0032E1B5 /* Release */,
			);
			defaultConfigurationIsVisible = 0;
			defaultConfigurationName = Release;
		};
		56A8C0D42C19BDEE0032E1B5 /* Build configuration list for PBXNativeTarget "Sequencer" */ = {
			isa = XCConfigurationList;
			buildConfigurations = (
				56A8C0D52C19BDEE0032E1B5 /* Debug */,
				56A8C0D62C19BDEE0032E1B5 /* Release */,
			);
			defaultConfigurationIsVisible = 0;
			defaultConfigurationName = Release;
		};
/* End XCConfigurationList section */
	};
	rootObject = 56A8C0B92C19BDED0032E1B5 /* Project object */;
}
